// !$*UTF8*$!
{
	archiveVersion = 1;
	classes = {
	};
	objectVersion = 48;
	objects = {

/* Begin PBXBuildFile section */
		7F6550F81FB8CDEA003F0F16 /* AppDelegate.swift in Sources */ = {isa = PBXBuildFile; fileRef = 7F6550F71FB8CDEA003F0F16 /* AppDelegate.swift */; };
		7F6550FA1FB8CDEA003F0F16 /* FirstViewController.swift in Sources */ = {isa = PBXBuildFile; fileRef = 7F6550F91FB8CDEA003F0F16 /* FirstViewController.swift */; };
		7F6550FC1FB8CDEA003F0F16 /* SecondViewController.swift in Sources */ = {isa = PBXBuildFile; fileRef = 7F6550FB1FB8CDEA003F0F16 /* SecondViewController.swift */; };
		7F6550FF1FB8CDEA003F0F16 /* Main.storyboard in Resources */ = {isa = PBXBuildFile; fileRef = 7F6550FD1FB8CDEA003F0F16 /* Main.storyboard */; };
		7F6551011FB8CDEA003F0F16 /* Assets.xcassets in Resources */ = {isa = PBXBuildFile; fileRef = 7F6551001FB8CDEA003F0F16 /* Assets.xcassets */; };
		7F6551041FB8CDEA003F0F16 /* LaunchScreen.storyboard in Resources */ = {isa = PBXBuildFile; fileRef = 7F6551021FB8CDEA003F0F16 /* LaunchScreen.storyboard */; };
		7F65510F1FB8CDEA003F0F16 /* BudgetTests.swift in Sources */ = {isa = PBXBuildFile; fileRef = 7F65510E1FB8CDEA003F0F16 /* BudgetTests.swift */; };
		7F65511A1FB8CDEB003F0F16 /* BudgetUITests.swift in Sources */ = {isa = PBXBuildFile; fileRef = 7F6551191FB8CDEB003F0F16 /* BudgetUITests.swift */; };
		7F6551281FB8D9D4003F0F16 /* ThirdViewController.swift in Sources */ = {isa = PBXBuildFile; fileRef = 7F6551271FB8D9D4003F0F16 /* ThirdViewController.swift */; };
		7F65512A1FB8D9EB003F0F16 /* FourthViewController.swift in Sources */ = {isa = PBXBuildFile; fileRef = 7F6551291FB8D9EB003F0F16 /* FourthViewController.swift */; };
		7F65512C1FB8D9FC003F0F16 /* SettingsViewController.swift in Sources */ = {isa = PBXBuildFile; fileRef = 7F65512B1FB8D9FC003F0F16 /* SettingsViewController.swift */; };
		7FC017531FBA4F30005DC481 /* CustomCell.swift in Sources */ = {isa = PBXBuildFile; fileRef = 7FC017521FBA4F30005DC481 /* CustomCell.swift */; };
		BED7CD36E4B06BB303A5D46C /* Pods_Budget.framework in Frameworks */ = {isa = PBXBuildFile; fileRef = CF1E808529528F8A083CD759 /* Pods_Budget.framework */; };
/* End PBXBuildFile section */

/* Begin PBXContainerItemProxy section */
		7F65510B1FB8CDEA003F0F16 /* PBXContainerItemProxy */ = {
			isa = PBXContainerItemProxy;
			containerPortal = 7F6550EC1FB8CDEA003F0F16 /* Project object */;
			proxyType = 1;
			remoteGlobalIDString = 7F6550F31FB8CDEA003F0F16;
			remoteInfo = Budget;
		};
		7F6551161FB8CDEB003F0F16 /* PBXContainerItemProxy */ = {
			isa = PBXContainerItemProxy;
			containerPortal = 7F6550EC1FB8CDEA003F0F16 /* Project object */;
			proxyType = 1;
			remoteGlobalIDString = 7F6550F31FB8CDEA003F0F16;
			remoteInfo = Budget;
		};
/* End PBXContainerItemProxy section */

/* Begin PBXFileReference section */
		14BB850C63DBD5CCE7F40AC1 /* Pods-Budget.debug.xcconfig */ = {isa = PBXFileReference; includeInIndex = 1; lastKnownFileType = text.xcconfig; name = "Pods-Budget.debug.xcconfig"; path = "Pods/Target Support Files/Pods-Budget/Pods-Budget.debug.xcconfig"; sourceTree = "<group>"; };
		7F6550F41FB8CDEA003F0F16 /* Budget.app */ = {isa = PBXFileReference; explicitFileType = wrapper.application; includeInIndex = 0; path = Budget.app; sourceTree = BUILT_PRODUCTS_DIR; };
		7F6550F71FB8CDEA003F0F16 /* AppDelegate.swift */ = {isa = PBXFileReference; lastKnownFileType = sourcecode.swift; path = AppDelegate.swift; sourceTree = "<group>"; };
		7F6550F91FB8CDEA003F0F16 /* FirstViewController.swift */ = {isa = PBXFileReference; lastKnownFileType = sourcecode.swift; path = FirstViewController.swift; sourceTree = "<group>"; };
		7F6550FB1FB8CDEA003F0F16 /* SecondViewController.swift */ = {isa = PBXFileReference; lastKnownFileType = sourcecode.swift; path = SecondViewController.swift; sourceTree = "<group>"; };
		7F6550FE1FB8CDEA003F0F16 /* Base */ = {isa = PBXFileReference; lastKnownFileType = file.storyboard; name = Base; path = Base.lproj/Main.storyboard; sourceTree = "<group>"; };
		7F6551001FB8CDEA003F0F16 /* Assets.xcassets */ = {isa = PBXFileReference; lastKnownFileType = folder.assetcatalog; path = Assets.xcassets; sourceTree = "<group>"; };
		7F6551031FB8CDEA003F0F16 /* Base */ = {isa = PBXFileReference; lastKnownFileType = file.storyboard; name = Base; path = Base.lproj/LaunchScreen.storyboard; sourceTree = "<group>"; };
		7F6551051FB8CDEA003F0F16 /* Info.plist */ = {isa = PBXFileReference; lastKnownFileType = text.plist.xml; path = Info.plist; sourceTree = "<group>"; };
		7F65510A1FB8CDEA003F0F16 /* BudgetTests.xctest */ = {isa = PBXFileReference; explicitFileType = wrapper.cfbundle; includeInIndex = 0; path = BudgetTests.xctest; sourceTree = BUILT_PRODUCTS_DIR; };
		7F65510E1FB8CDEA003F0F16 /* BudgetTests.swift */ = {isa = PBXFileReference; lastKnownFileType = sourcecode.swift; path = BudgetTests.swift; sourceTree = "<group>"; };
		7F6551101FB8CDEB003F0F16 /* Info.plist */ = {isa = PBXFileReference; lastKnownFileType = text.plist.xml; path = Info.plist; sourceTree = "<group>"; };
		7F6551151FB8CDEB003F0F16 /* BudgetUITests.xctest */ = {isa = PBXFileReference; explicitFileType = wrapper.cfbundle; includeInIndex = 0; path = BudgetUITests.xctest; sourceTree = BUILT_PRODUCTS_DIR; };
		7F6551191FB8CDEB003F0F16 /* BudgetUITests.swift */ = {isa = PBXFileReference; lastKnownFileType = sourcecode.swift; path = BudgetUITests.swift; sourceTree = "<group>"; };
		7F65511B1FB8CDEB003F0F16 /* Info.plist */ = {isa = PBXFileReference; lastKnownFileType = text.plist.xml; path = Info.plist; sourceTree = "<group>"; };
		7F6551271FB8D9D4003F0F16 /* ThirdViewController.swift */ = {isa = PBXFileReference; lastKnownFileType = sourcecode.swift; path = ThirdViewController.swift; sourceTree = "<group>"; };
		7F6551291FB8D9EB003F0F16 /* FourthViewController.swift */ = {isa = PBXFileReference; lastKnownFileType = sourcecode.swift; path = FourthViewController.swift; sourceTree = "<group>"; };
		7F65512B1FB8D9FC003F0F16 /* SettingsViewController.swift */ = {isa = PBXFileReference; lastKnownFileType = sourcecode.swift; path = SettingsViewController.swift; sourceTree = "<group>"; };
		7FC017521FBA4F30005DC481 /* CustomCell.swift */ = {isa = PBXFileReference; lastKnownFileType = sourcecode.swift; path = CustomCell.swift; sourceTree = "<group>"; };
		8BF171488693F461CFF489DC /* Pods-Budget.release.xcconfig */ = {isa = PBXFileReference; includeInIndex = 1; lastKnownFileType = text.xcconfig; name = "Pods-Budget.release.xcconfig"; path = "Pods/Target Support Files/Pods-Budget/Pods-Budget.release.xcconfig"; sourceTree = "<group>"; };
		CF1E808529528F8A083CD759 /* Pods_Budget.framework */ = {isa = PBXFileReference; explicitFileType = wrapper.framework; includeInIndex = 0; path = Pods_Budget.framework; sourceTree = BUILT_PRODUCTS_DIR; };
/* End PBXFileReference section */

/* Begin PBXFrameworksBuildPhase section */
		7F6550F11FB8CDEA003F0F16 /* Frameworks */ = {
			isa = PBXFrameworksBuildPhase;
			buildActionMask = 2147483647;
			files = (
				BED7CD36E4B06BB303A5D46C /* Pods_Budget.framework in Frameworks */,
			);
			runOnlyForDeploymentPostprocessing = 0;
		};
		7F6551071FB8CDEA003F0F16 /* Frameworks */ = {
			isa = PBXFrameworksBuildPhase;
			buildActionMask = 2147483647;
			files = (
			);
			runOnlyForDeploymentPostprocessing = 0;
		};
		7F6551121FB8CDEB003F0F16 /* Frameworks */ = {
			isa = PBXFrameworksBuildPhase;
			buildActionMask = 2147483647;
			files = (
			);
			runOnlyForDeploymentPostprocessing = 0;
		};
/* End PBXFrameworksBuildPhase section */

/* Begin PBXGroup section */
		7F6550EB1FB8CDEA003F0F16 = {
			isa = PBXGroup;
			children = (
				7F6550F61FB8CDEA003F0F16 /* Budget */,
				7F65510D1FB8CDEA003F0F16 /* BudgetTests */,
				7F6551181FB8CDEB003F0F16 /* BudgetUITests */,
				7F6550F51FB8CDEA003F0F16 /* Products */,
				B307841C903F60DD628B277F /* Pods */,
				9627AB6603B3BE6AFC6FB837 /* Frameworks */,
			);
			sourceTree = "<group>";
		};
		7F6550F51FB8CDEA003F0F16 /* Products */ = {
			isa = PBXGroup;
			children = (
				7F6550F41FB8CDEA003F0F16 /* Budget.app */,
				7F65510A1FB8CDEA003F0F16 /* BudgetTests.xctest */,
				7F6551151FB8CDEB003F0F16 /* BudgetUITests.xctest */,
			);
			name = Products;
			sourceTree = "<group>";
		};
		7F6550F61FB8CDEA003F0F16 /* Budget */ = {
			isa = PBXGroup;
			children = (
				7F6550F71FB8CDEA003F0F16 /* AppDelegate.swift */,
				7F6550F91FB8CDEA003F0F16 /* FirstViewController.swift */,
				7F6550FB1FB8CDEA003F0F16 /* SecondViewController.swift */,
				7F6550FD1FB8CDEA003F0F16 /* Main.storyboard */,
				7F6551001FB8CDEA003F0F16 /* Assets.xcassets */,
				7F6551021FB8CDEA003F0F16 /* LaunchScreen.storyboard */,
				7F6551051FB8CDEA003F0F16 /* Info.plist */,
				7F6551271FB8D9D4003F0F16 /* ThirdViewController.swift */,
				7F6551291FB8D9EB003F0F16 /* FourthViewController.swift */,
				7F65512B1FB8D9FC003F0F16 /* SettingsViewController.swift */,
				7FC017521FBA4F30005DC481 /* CustomCell.swift */,
			);
			path = Budget;
			sourceTree = "<group>";
		};
		7F65510D1FB8CDEA003F0F16 /* BudgetTests */ = {
			isa = PBXGroup;
			children = (
				7F65510E1FB8CDEA003F0F16 /* BudgetTests.swift */,
				7F6551101FB8CDEB003F0F16 /* Info.plist */,
			);
			path = BudgetTests;
			sourceTree = "<group>";
		};
		7F6551181FB8CDEB003F0F16 /* BudgetUITests */ = {
			isa = PBXGroup;
			children = (
				7F6551191FB8CDEB003F0F16 /* BudgetUITests.swift */,
				7F65511B1FB8CDEB003F0F16 /* Info.plist */,
			);
			path = BudgetUITests;
			sourceTree = "<group>";
		};
		9627AB6603B3BE6AFC6FB837 /* Frameworks */ = {
			isa = PBXGroup;
			children = (
				CF1E808529528F8A083CD759 /* Pods_Budget.framework */,
			);
			name = Frameworks;
			sourceTree = "<group>";
		};
		B307841C903F60DD628B277F /* Pods */ = {
			isa = PBXGroup;
			children = (
				14BB850C63DBD5CCE7F40AC1 /* Pods-Budget.debug.xcconfig */,
				8BF171488693F461CFF489DC /* Pods-Budget.release.xcconfig */,
			);
			name = Pods;
			sourceTree = "<group>";
		};
/* End PBXGroup section */

/* Begin PBXNativeTarget section */
		7F6550F31FB8CDEA003F0F16 /* Budget */ = {
			isa = PBXNativeTarget;
			buildConfigurationList = 7F65511E1FB8CDEB003F0F16 /* Build configuration list for PBXNativeTarget "Budget" */;
			buildPhases = (
				730B6404FE88363062BB753D /* [CP] Check Pods Manifest.lock */,
				7F6550F01FB8CDEA003F0F16 /* Sources */,
				7F6550F11FB8CDEA003F0F16 /* Frameworks */,
				7F6550F21FB8CDEA003F0F16 /* Resources */,
				F91D29CD93A61D7F2C53DB44 /* [CP] Embed Pods Frameworks */,
				48DE81F0A6D2E631C1AD1AA1 /* [CP] Copy Pods Resources */,
			);
			buildRules = (
			);
			dependencies = (
			);
			name = Budget;
			productName = Budget;
			productReference = 7F6550F41FB8CDEA003F0F16 /* Budget.app */;
			productType = "com.apple.product-type.application";
		};
		7F6551091FB8CDEA003F0F16 /* BudgetTests */ = {
			isa = PBXNativeTarget;
			buildConfigurationList = 7F6551211FB8CDEB003F0F16 /* Build configuration list for PBXNativeTarget "BudgetTests" */;
			buildPhases = (
				7F6551061FB8CDEA003F0F16 /* Sources */,
				7F6551071FB8CDEA003F0F16 /* Frameworks */,
				7F6551081FB8CDEA003F0F16 /* Resources */,
			);
			buildRules = (
			);
			dependencies = (
				7F65510C1FB8CDEA003F0F16 /* PBXTargetDependency */,
			);
			name = BudgetTests;
			productName = BudgetTests;
			productReference = 7F65510A1FB8CDEA003F0F16 /* BudgetTests.xctest */;
			productType = "com.apple.product-type.bundle.unit-test";
		};
		7F6551141FB8CDEB003F0F16 /* BudgetUITests */ = {
			isa = PBXNativeTarget;
			buildConfigurationList = 7F6551241FB8CDEB003F0F16 /* Build configuration list for PBXNativeTarget "BudgetUITests" */;
			buildPhases = (
				7F6551111FB8CDEB003F0F16 /* Sources */,
				7F6551121FB8CDEB003F0F16 /* Frameworks */,
				7F6551131FB8CDEB003F0F16 /* Resources */,
			);
			buildRules = (
			);
			dependencies = (
				7F6551171FB8CDEB003F0F16 /* PBXTargetDependency */,
			);
			name = BudgetUITests;
			productName = BudgetUITests;
			productReference = 7F6551151FB8CDEB003F0F16 /* BudgetUITests.xctest */;
			productType = "com.apple.product-type.bundle.ui-testing";
		};
/* End PBXNativeTarget section */

/* Begin PBXProject section */
		7F6550EC1FB8CDEA003F0F16 /* Project object */ = {
			isa = PBXProject;
			attributes = {
				LastSwiftUpdateCheck = 0910;
				LastUpgradeCheck = 0910;
				ORGANIZATIONNAME = "Zhan H. Yap";
				TargetAttributes = {
					7F6550F31FB8CDEA003F0F16 = {
						CreatedOnToolsVersion = 9.1;
						ProvisioningStyle = Automatic;
					};
					7F6551091FB8CDEA003F0F16 = {
						CreatedOnToolsVersion = 9.1;
						ProvisioningStyle = Automatic;
						TestTargetID = 7F6550F31FB8CDEA003F0F16;
					};
					7F6551141FB8CDEB003F0F16 = {
						CreatedOnToolsVersion = 9.1;
						ProvisioningStyle = Automatic;
						TestTargetID = 7F6550F31FB8CDEA003F0F16;
					};
				};
			};
			buildConfigurationList = 7F6550EF1FB8CDEA003F0F16 /* Build configuration list for PBXProject "Budget" */;
			compatibilityVersion = "Xcode 8.0";
			developmentRegion = en;
			hasScannedForEncodings = 0;
			knownRegions = (
				en,
				Base,
			);
			mainGroup = 7F6550EB1FB8CDEA003F0F16;
			productRefGroup = 7F6550F51FB8CDEA003F0F16 /* Products */;
			projectDirPath = "";
			projectRoot = "";
			targets = (
				7F6550F31FB8CDEA003F0F16 /* Budget */,
				7F6551091FB8CDEA003F0F16 /* BudgetTests */,
				7F6551141FB8CDEB003F0F16 /* BudgetUITests */,
			);
		};
/* End PBXProject section */

/* Begin PBXResourcesBuildPhase section */
		7F6550F21FB8CDEA003F0F16 /* Resources */ = {
			isa = PBXResourcesBuildPhase;
			buildActionMask = 2147483647;
			files = (
				7F6551041FB8CDEA003F0F16 /* LaunchScreen.storyboard in Resources */,
				7F6551011FB8CDEA003F0F16 /* Assets.xcassets in Resources */,
				7F6550FF1FB8CDEA003F0F16 /* Main.storyboard in Resources */,
			);
			runOnlyForDeploymentPostprocessing = 0;
		};
		7F6551081FB8CDEA003F0F16 /* Resources */ = {
			isa = PBXResourcesBuildPhase;
			buildActionMask = 2147483647;
			files = (
			);
			runOnlyForDeploymentPostprocessing = 0;
		};
		7F6551131FB8CDEB003F0F16 /* Resources */ = {
			isa = PBXResourcesBuildPhase;
			buildActionMask = 2147483647;
			files = (
			);
			runOnlyForDeploymentPostprocessing = 0;
		};
/* End PBXResourcesBuildPhase section */

/* Begin PBXShellScriptBuildPhase section */
		48DE81F0A6D2E631C1AD1AA1 /* [CP] Copy Pods Resources */ = {
			isa = PBXShellScriptBuildPhase;
			buildActionMask = 2147483647;
			files = (
			);
			inputPaths = (
			);
			name = "[CP] Copy Pods Resources";
			outputPaths = (
			);
			runOnlyForDeploymentPostprocessing = 0;
			shellPath = /bin/sh;
			shellScript = "\"${SRCROOT}/Pods/Target Support Files/Pods-Budget/Pods-Budget-resources.sh\"\n";
			showEnvVarsInLog = 0;
		};
		730B6404FE88363062BB753D /* [CP] Check Pods Manifest.lock */ = {
			isa = PBXShellScriptBuildPhase;
			buildActionMask = 2147483647;
			files = (
			);
			inputPaths = (
				"${PODS_PODFILE_DIR_PATH}/Podfile.lock",
				"${PODS_ROOT}/Manifest.lock",
			);
			name = "[CP] Check Pods Manifest.lock";
			outputPaths = (
				"$(DERIVED_FILE_DIR)/Pods-Budget-checkManifestLockResult.txt",
			);
			runOnlyForDeploymentPostprocessing = 0;
			shellPath = /bin/sh;
			shellScript = "diff \"${PODS_PODFILE_DIR_PATH}/Podfile.lock\" \"${PODS_ROOT}/Manifest.lock\" > /dev/null\nif [ $? != 0 ] ; then\n    # print error to STDERR\n    echo \"error: The sandbox is not in sync with the Podfile.lock. Run 'pod install' or update your CocoaPods installation.\" >&2\n    exit 1\nfi\n# This output is used by Xcode 'outputs' to avoid re-running this script phase.\necho \"SUCCESS\" > \"${SCRIPT_OUTPUT_FILE_0}\"\n";
			showEnvVarsInLog = 0;
		};
		F91D29CD93A61D7F2C53DB44 /* [CP] Embed Pods Frameworks */ = {
			isa = PBXShellScriptBuildPhase;
			buildActionMask = 2147483647;
			files = (
			);
			inputPaths = (
				"${SRCROOT}/Pods/Target Support Files/Pods-Budget/Pods-Budget-frameworks.sh",
				"${BUILT_PRODUCTS_DIR}/JTAppleCalendar/JTAppleCalendar.framework",
			);
			name = "[CP] Embed Pods Frameworks";
			outputPaths = (
				"${TARGET_BUILD_DIR}/${FRAMEWORKS_FOLDER_PATH}/JTAppleCalendar.framework",
			);
			runOnlyForDeploymentPostprocessing = 0;
			shellPath = /bin/sh;
			shellScript = "\"${SRCROOT}/Pods/Target Support Files/Pods-Budget/Pods-Budget-frameworks.sh\"\n";
			showEnvVarsInLog = 0;
		};
/* End PBXShellScriptBuildPhase section */

/* Begin PBXSourcesBuildPhase section */
		7F6550F01FB8CDEA003F0F16 /* Sources */ = {
			isa = PBXSourcesBuildPhase;
			buildActionMask = 2147483647;
			files = (
				7F6550FC1FB8CDEA003F0F16 /* SecondViewController.swift in Sources */,
				7F6550F81FB8CDEA003F0F16 /* AppDelegate.swift in Sources */,
				7F6551281FB8D9D4003F0F16 /* ThirdViewController.swift in Sources */,
				7F6550FA1FB8CDEA003F0F16 /* FirstViewController.swift in Sources */,
				7F65512A1FB8D9EB003F0F16 /* FourthViewController.swift in Sources */,
				7F65512C1FB8D9FC003F0F16 /* SettingsViewController.swift in Sources */,
				7FC017531FBA4F30005DC481 /* CustomCell.swift in Sources */,
			);
			runOnlyForDeploymentPostprocessing = 0;
		};
		7F6551061FB8CDEA003F0F16 /* Sources */ = {
			isa = PBXSourcesBuildPhase;
			buildActionMask = 2147483647;
			files = (
				7F65510F1FB8CDEA003F0F16 /* BudgetTests.swift in Sources */,
			);
			runOnlyForDeploymentPostprocessing = 0;
		};
		7F6551111FB8CDEB003F0F16 /* Sources */ = {
			isa = PBXSourcesBuildPhase;
			buildActionMask = 2147483647;
			files = (
				7F65511A1FB8CDEB003F0F16 /* BudgetUITests.swift in Sources */,
			);
			runOnlyForDeploymentPostprocessing = 0;
		};
/* End PBXSourcesBuildPhase section */

/* Begin PBXTargetDependency section */
		7F65510C1FB8CDEA003F0F16 /* PBXTargetDependency */ = {
			isa = PBXTargetDependency;
			target = 7F6550F31FB8CDEA003F0F16 /* Budget */;
			targetProxy = 7F65510B1FB8CDEA003F0F16 /* PBXContainerItemProxy */;
		};
		7F6551171FB8CDEB003F0F16 /* PBXTargetDependency */ = {
			isa = PBXTargetDependency;
			target = 7F6550F31FB8CDEA003F0F16 /* Budget */;
			targetProxy = 7F6551161FB8CDEB003F0F16 /* PBXContainerItemProxy */;
		};
/* End PBXTargetDependency section */

/* Begin PBXVariantGroup section */
		7F6550FD1FB8CDEA003F0F16 /* Main.storyboard */ = {
			isa = PBXVariantGroup;
			children = (
				7F6550FE1FB8CDEA003F0F16 /* Base */,
			);
			name = Main.storyboard;
			sourceTree = "<group>";
		};
		7F6551021FB8CDEA003F0F16 /* LaunchScreen.storyboard */ = {
			isa = PBXVariantGroup;
			children = (
				7F6551031FB8CDEA003F0F16 /* Base */,
			);
			name = LaunchScreen.storyboard;
			sourceTree = "<group>";
		};
/* End PBXVariantGroup section */

/* Begin XCBuildConfiguration section */
		7F65511C1FB8CDEB003F0F16 /* Debug */ = {
			isa = XCBuildConfiguration;
			buildSettings = {
				ALWAYS_SEARCH_USER_PATHS = NO;
				CLANG_ANALYZER_NONNULL = YES;
				CLANG_ANALYZER_NUMBER_OBJECT_CONVERSION = YES_AGGRESSIVE;
				CLANG_CXX_LANGUAGE_STANDARD = "gnu++14";
				CLANG_CXX_LIBRARY = "libc++";
				CLANG_ENABLE_MODULES = YES;
				CLANG_ENABLE_OBJC_ARC = YES;
				CLANG_WARN_BLOCK_CAPTURE_AUTORELEASING = YES;
				CLANG_WARN_BOOL_CONVERSION = YES;
				CLANG_WARN_COMMA = YES;
				CLANG_WARN_CONSTANT_CONVERSION = YES;
				CLANG_WARN_DIRECT_OBJC_ISA_USAGE = YES_ERROR;
				CLANG_WARN_DOCUMENTATION_COMMENTS = YES;
				CLANG_WARN_EMPTY_BODY = YES;
				CLANG_WARN_ENUM_CONVERSION = YES;
				CLANG_WARN_INFINITE_RECURSION = YES;
				CLANG_WARN_INT_CONVERSION = YES;
				CLANG_WARN_NON_LITERAL_NULL_CONVERSION = YES;
				CLANG_WARN_OBJC_LITERAL_CONVERSION = YES;
				CLANG_WARN_OBJC_ROOT_CLASS = YES_ERROR;
				CLANG_WARN_RANGE_LOOP_ANALYSIS = YES;
				CLANG_WARN_STRICT_PROTOTYPES = YES;
				CLANG_WARN_SUSPICIOUS_MOVE = YES;
				CLANG_WARN_UNGUARDED_AVAILABILITY = YES_AGGRESSIVE;
				CLANG_WARN_UNREACHABLE_CODE = YES;
				CLANG_WARN__DUPLICATE_METHOD_MATCH = YES;
				CODE_SIGN_IDENTITY = "iPhone Developer";
				COPY_PHASE_STRIP = NO;
				DEBUG_INFORMATION_FORMAT = dwarf;
				ENABLE_STRICT_OBJC_MSGSEND = YES;
				ENABLE_TESTABILITY = YES;
				GCC_C_LANGUAGE_STANDARD = gnu11;
				GCC_DYNAMIC_NO_PIC = NO;
				GCC_NO_COMMON_BLOCKS = YES;
				GCC_OPTIMIZATION_LEVEL = 0;
				GCC_PREPROCESSOR_DEFINITIONS = (
					"DEBUG=1",
					"$(inherited)",
				);
				GCC_WARN_64_TO_32_BIT_CONVERSION = YES;
				GCC_WARN_ABOUT_RETURN_TYPE = YES_ERROR;
				GCC_WARN_UNDECLARED_SELECTOR = YES;
				GCC_WARN_UNINITIALIZED_AUTOS = YES_AGGRESSIVE;
				GCC_WARN_UNUSED_FUNCTION = YES;
				GCC_WARN_UNUSED_VARIABLE = YES;
				IPHONEOS_DEPLOYMENT_TARGET = 11.1;
				MTL_ENABLE_DEBUG_INFO = YES;
				ONLY_ACTIVE_ARCH = YES;
				SDKROOT = iphoneos;
				SWIFT_ACTIVE_COMPILATION_CONDITIONS = DEBUG;
				SWIFT_OPTIMIZATION_LEVEL = "-Onone";
			};
			name = Debug;
		};
		7F65511D1FB8CDEB003F0F16 /* Release */ = {
			isa = XCBuildConfiguration;
			buildSettings = {
				ALWAYS_SEARCH_USER_PATHS = NO;
				CLANG_ANALYZER_NONNULL = YES;
				CLANG_ANALYZER_NUMBER_OBJECT_CONVERSION = YES_AGGRESSIVE;
				CLANG_CXX_LANGUAGE_STANDARD = "gnu++14";
				CLANG_CXX_LIBRARY = "libc++";
				CLANG_ENABLE_MODULES = YES;
				CLANG_ENABLE_OBJC_ARC = YES;
				CLANG_WARN_BLOCK_CAPTURE_AUTORELEASING = YES;
				CLANG_WARN_BOOL_CONVERSION = YES;
				CLANG_WARN_COMMA = YES;
				CLANG_WARN_CONSTANT_CONVERSION = YES;
				CLANG_WARN_DIRECT_OBJC_ISA_USAGE = YES_ERROR;
				CLANG_WARN_DOCUMENTATION_COMMENTS = YES;
				CLANG_WARN_EMPTY_BODY = YES;
				CLANG_WARN_ENUM_CONVERSION = YES;
				CLANG_WARN_INFINITE_RECURSION = YES;
				CLANG_WARN_INT_CONVERSION = YES;
				CLANG_WARN_NON_LITERAL_NULL_CONVERSION = YES;
				CLANG_WARN_OBJC_LITERAL_CONVERSION = YES;
				CLANG_WARN_OBJC_ROOT_CLASS = YES_ERROR;
				CLANG_WARN_RANGE_LOOP_ANALYSIS = YES;
				CLANG_WARN_STRICT_PROTOTYPES = YES;
				CLANG_WARN_SUSPICIOUS_MOVE = YES;
				CLANG_WARN_UNGUARDED_AVAILABILITY = YES_AGGRESSIVE;
				CLANG_WARN_UNREACHABLE_CODE = YES;
				CLANG_WARN__DUPLICATE_METHOD_MATCH = YES;
				CODE_SIGN_IDENTITY = "iPhone Developer";
				COPY_PHASE_STRIP = NO;
				DEBUG_INFORMATION_FORMAT = "dwarf-with-dsym";
				ENABLE_NS_ASSERTIONS = NO;
				ENABLE_STRICT_OBJC_MSGSEND = YES;
				GCC_C_LANGUAGE_STANDARD = gnu11;
				GCC_NO_COMMON_BLOCKS = YES;
				GCC_WARN_64_TO_32_BIT_CONVERSION = YES;
				GCC_WARN_ABOUT_RETURN_TYPE = YES_ERROR;
				GCC_WARN_UNDECLARED_SELECTOR = YES;
				GCC_WARN_UNINITIALIZED_AUTOS = YES_AGGRESSIVE;
				GCC_WARN_UNUSED_FUNCTION = YES;
				GCC_WARN_UNUSED_VARIABLE = YES;
				IPHONEOS_DEPLOYMENT_TARGET = 11.1;
				MTL_ENABLE_DEBUG_INFO = NO;
				SDKROOT = iphoneos;
				SWIFT_OPTIMIZATION_LEVEL = "-Owholemodule";
				VALIDATE_PRODUCT = YES;
			};
			name = Release;
		};
		7F65511F1FB8CDEB003F0F16 /* Debug */ = {
			isa = XCBuildConfiguration;
			baseConfigurationReference = 14BB850C63DBD5CCE7F40AC1 /* Pods-Budget.debug.xcconfig */;
			buildSettings = {
				ASSETCATALOG_COMPILER_APPICON_NAME = AppIcon;
				CODE_SIGN_STYLE = Automatic;
				DEVELOPMENT_TEAM = AP68SB76A6;
				HEADER_SEARCH_PATHS = "$(SRCROOT)/Pods/**";
				INFOPLIST_FILE = Budget/Info.plist;
				IPHONEOS_DEPLOYMENT_TARGET = 11.1;
				LD_RUNPATH_SEARCH_PATHS = "$(inherited) @executable_path/Frameworks";
				PRODUCT_BUNDLE_IDENTIFIER = com.zhan.Budget;
				PRODUCT_NAME = "$(TARGET_NAME)";
				SWIFT_VERSION = 4.0;
				TARGETED_DEVICE_FAMILY = 1;
			};
			name = Debug;
		};
		7F6551201FB8CDEB003F0F16 /* Release */ = {
			isa = XCBuildConfiguration;
			baseConfigurationReference = 8BF171488693F461CFF489DC /* Pods-Budget.release.xcconfig */;
			buildSettings = {
				ASSETCATALOG_COMPILER_APPICON_NAME = AppIcon;
				CODE_SIGN_STYLE = Automatic;
				DEVELOPMENT_TEAM = AP68SB76A6;
				HEADER_SEARCH_PATHS = "$(SRCROOT)/Pods/**";
				INFOPLIST_FILE = Budget/Info.plist;
				IPHONEOS_DEPLOYMENT_TARGET = 11.1;
				LD_RUNPATH_SEARCH_PATHS = "$(inherited) @executable_path/Frameworks";
				PRODUCT_BUNDLE_IDENTIFIER = com.zhan.Budget;
				PRODUCT_NAME = "$(TARGET_NAME)";
				SWIFT_VERSION = 4.0;
				TARGETED_DEVICE_FAMILY = 1;
			};
			name = Release;
		};
		7F6551221FB8CDEB003F0F16 /* Debug */ = {
			isa = XCBuildConfiguration;
			buildSettings = {
				ALWAYS_EMBED_SWIFT_STANDARD_LIBRARIES = YES;
				BUNDLE_LOADER = "$(TEST_HOST)";
				CODE_SIGN_STYLE = Automatic;
				DEVELOPMENT_TEAM = AP68SB76A6;
				INFOPLIST_FILE = BudgetTests/Info.plist;
				LD_RUNPATH_SEARCH_PATHS = "$(inherited) @executable_path/Frameworks @loader_path/Frameworks";
				PRODUCT_BUNDLE_IDENTIFIER = com.zhan.BudgetTests;
				PRODUCT_NAME = "$(TARGET_NAME)";
				SWIFT_VERSION = 4.0;
				TARGETED_DEVICE_FAMILY = "1,2";
				TEST_HOST = "$(BUILT_PRODUCTS_DIR)/Budget.app/Budget";
			};
			name = Debug;
		};
		7F6551231FB8CDEB003F0F16 /* Release */ = {
			isa = XCBuildConfiguration;
			buildSettings = {
				ALWAYS_EMBED_SWIFT_STANDARD_LIBRARIES = YES;
				BUNDLE_LOADER = "$(TEST_HOST)";
				CODE_SIGN_STYLE = Automatic;
				DEVELOPMENT_TEAM = AP68SB76A6;
				INFOPLIST_FILE = BudgetTests/Info.plist;
				LD_RUNPATH_SEARCH_PATHS = "$(inherited) @executable_path/Frameworks @loader_path/Frameworks";
				PRODUCT_BUNDLE_IDENTIFIER = com.zhan.BudgetTests;
				PRODUCT_NAME = "$(TARGET_NAME)";
				SWIFT_VERSION = 4.0;
				TARGETED_DEVICE_FAMILY = "1,2";
				TEST_HOST = "$(BUILT_PRODUCTS_DIR)/Budget.app/Budget";
			};
			name = Release;
		};
		7F6551251FB8CDEB003F0F16 /* Debug */ = {
			isa = XCBuildConfiguration;
			buildSettings = {
				ALWAYS_EMBED_SWIFT_STANDARD_LIBRARIES = YES;
				CODE_SIGN_STYLE = Automatic;
				DEVELOPMENT_TEAM = AP68SB76A6;
				INFOPLIST_FILE = BudgetUITests/Info.plist;
				LD_RUNPATH_SEARCH_PATHS = "$(inherited) @executable_path/Frameworks @loader_path/Frameworks";
				PRODUCT_BUNDLE_IDENTIFIER = com.zhan.BudgetUITests;
				PRODUCT_NAME = "$(TARGET_NAME)";
				SWIFT_VERSION = 4.0;
				TARGETED_DEVICE_FAMILY = "1,2";
				TEST_TARGET_NAME = Budget;
			};
			name = Debug;
		};
		7F6551261FB8CDEB003F0F16 /* Release */ = {
			isa = XCBuildConfiguration;
			buildSettings = {
				ALWAYS_EMBED_SWIFT_STANDARD_LIBRARIES = YES;
				CODE_SIGN_STYLE = Automatic;
				DEVELOPMENT_TEAM = AP68SB76A6;
				INFOPLIST_FILE = BudgetUITests/Info.plist;
				LD_RUNPATH_SEARCH_PATHS = "$(inherited) @executable_path/Frameworks @loader_path/Frameworks";
				PRODUCT_BUNDLE_IDENTIFIER = com.zhan.BudgetUITests;
				PRODUCT_NAME = "$(TARGET_NAME)";
				SWIFT_VERSION = 4.0;
				TARGETED_DEVICE_FAMILY = "1,2";
				TEST_TARGET_NAME = Budget;
			};
			name = Release;
		};
/* End XCBuildConfiguration section */

/* Begin XCConfigurationList section */
		7F6550EF1FB8CDEA003F0F16 /* Build configuration list for PBXProject "Budget" */ = {
			isa = XCConfigurationList;
			buildConfigurations = (
				7F65511C1FB8CDEB003F0F16 /* Debug */,
				7F65511D1FB8CDEB003F0F16 /* Release */,
			);
			defaultConfigurationIsVisible = 0;
			defaultConfigurationName = Release;
		};
		7F65511E1FB8CDEB003F0F16 /* Build configuration list for PBXNativeTarget "Budget" */ = {
			isa = XCConfigurationList;
			buildConfigurations = (
				7F65511F1FB8CDEB003F0F16 /* Debug */,
				7F6551201FB8CDEB003F0F16 /* Release */,
			);
			defaultConfigurationIsVisible = 0;
			defaultConfigurationName = Release;
		};
		7F6551211FB8CDEB003F0F16 /* Build configuration list for PBXNativeTarget "BudgetTests" */ = {
			isa = XCConfigurationList;
			buildConfigurations = (
				7F6551221FB8CDEB003F0F16 /* Debug */,
				7F6551231FB8CDEB003F0F16 /* Release */,
			);
			defaultConfigurationIsVisible = 0;
			defaultConfigurationName = Release;
		};
		7F6551241FB8CDEB003F0F16 /* Build configuration list for PBXNativeTarget "BudgetUITests" */ = {
			isa = XCConfigurationList;
			buildConfigurations = (
				7F6551251FB8CDEB003F0F16 /* Debug */,
				7F6551261FB8CDEB003F0F16 /* Release */,
			);
			defaultConfigurationIsVisible = 0;
			defaultConfigurationName = Release;
		};
/* End XCConfigurationList section */
	};
	rootObject = 7F6550EC1FB8CDEA003F0F16 /* Project object */;
}
